
Microsoft Visual Studio Solution File, Format Version 12.00
# Visual Studio Version 17
VisualStudioVersion = 17.10.34818.151
MinimumVisualStudioVersion = 10.0.40219.1
Project("{2150E333-8FDC-42A3-9474-1A3956D46DE8}") = "src", "src", "{0414DEC3-47D6-46AE-9EE9-DAB1D4B47D2F}"
EndProject
Project("{2150E333-8FDC-42A3-9474-1A3956D46DE8}") = "samples", "samples", "{FDE12A7B-CF1E-4511-BACF-0BA6B0D48801}"
EndProject
Project("{2150E333-8FDC-42A3-9474-1A3956D46DE8}") = "tests", "tests", "{D4B7232B-4DD2-4140-A791-0C95D5CF8945}"
EndProject
Project("{9A19103F-16F7-4668-BE54-9A1E7A4F7556}") = "Boba.Configurations", "src\Boba.Configurations\Boba.Configurations.csproj", "{18FF2D76-6477-4C0D-B667-B781F125AFD7}"
EndProject
Project("{FAE04EC0-301F-11D3-BF4B-00C04F79EFBC}") = "Boba.Configurations.Web.Sample", "samples\Boba.Configurations.Web.Sample\Boba.Configurations.Web.Sample.csproj", "{81370FE5-3CEA-4390-8C74-B6487B877752}"
EndProject
Global
	GlobalSection(SolutionConfigurationPlatforms) = preSolution
		Debug|Any CPU = Debug|Any CPU
		Release|Any CPU = Release|Any CPU
	EndGlobalSection
	GlobalSection(ProjectConfigurationPlatforms) = postSolution
		{18FF2D76-6477-4C0D-B667-B781F125AFD7}.Debug|Any CPU.ActiveCfg = Debug|Any CPU
		{18FF2D76-6477-4C0D-B667-B781F125AFD7}.Debug|Any CPU.Build.0 = Debug|Any CPU
		{18FF2D76-6477-4C0D-B667-B781F125AFD7}.Release|Any CPU.ActiveCfg = Release|Any CPU
		{18FF2D76-6477-4C0D-B667-B781F125AFD7}.Release|Any CPU.Build.0 = Release|Any CPU
		{81370FE5-3CEA-4390-8C74-B6487B877752}.Debug|Any CPU.ActiveCfg = Debug|Any CPU
		{81370FE5-3CEA-4390-8C74-B6487B877752}.Debug|Any CPU.Build.0 = Debug|Any CPU
		{81370FE5-3CEA-4390-8C74-B6487B877752}.Release|Any CPU.ActiveCfg = Release|Any CPU
		{81370FE5-3CEA-4390-8C74-B6487B877752}.Release|Any CPU.Build.0 = Release|Any CPU
	EndGlobalSection
	GlobalSection(SolutionProperties) = preSolution
		HideSolutionNode = FALSE
	EndGlobalSection
	GlobalSection(NestedProjects) = preSolution
		{18FF2D76-6477-4C0D-B667-B781F125AFD7} = {0414DEC3-47D6-46AE-9EE9-DAB1D4B47D2F}
		{81370FE5-3CEA-4390-8C74-B6487B877752} = {FDE12A7B-CF1E-4511-BACF-0BA6B0D48801}
	EndGlobalSection
	GlobalSection(ExtensibilityGlobals) = postSolution
		SolutionGuid = {39900339-EB16-43D3-BE26-8BD6FD5672B0}
	EndGlobalSection
EndGlobal
